
Microsoft Visual Studio Solution File, Format Version 12.00
# Visual Studio Version 16
VisualStudioVersion = 16.0.30804.86
MinimumVisualStudioVersion = 10.0.40219.1
Project("{9A19103F-16F7-4668-BE54-9A1E7A4F7556}") = "DataAccess", "DataAccess\DataAccess.csproj", "{DC9E146B-43E5-41C5-867D-3F9300F849BA}"
EndProject
Project("{9A19103F-16F7-4668-BE54-9A1E7A4F7556}") = "Business", "Business\Business.csproj", "{7E537C17-4E36-4BE5-8B48-6E57AEB98217}"
EndProject
Project("{9A19103F-16F7-4668-BE54-9A1E7A4F7556}") = "Entities", "Entities\Entities.csproj", "{626AE61B-A92F-4285-810A-7303A833FD24}"
EndProject
Project("{9A19103F-16F7-4668-BE54-9A1E7A4F7556}") = "ConsoleUI", "ConsoleUI\ConsoleUI.csproj", "{A18994D3-2331-4D64-91E6-B3826E1BEC8B}"
EndProject
Project("{FAE04EC0-301F-11D3-BF4B-00C04F79EFBC}") = "Core", "Core\Core.csproj", "{43668449-C18B-4C67-80AF-F47DBAD4326E}"
EndProject
Global
	GlobalSection(SolutionConfigurationPlatforms) = preSolution
		Debug|Any CPU = Debug|Any CPU
		Release|Any CPU = Release|Any CPU
	EndGlobalSection
	GlobalSection(ProjectConfigurationPlatforms) = postSolution
		{DC9E146B-43E5-41C5-867D-3F9300F849BA}.Debug|Any CPU.ActiveCfg = Debug|Any CPU
		{DC9E146B-43E5-41C5-867D-3F9300F849BA}.Debug|Any CPU.Build.0 = Debug|Any CPU
		{DC9E146B-43E5-41C5-867D-3F9300F849BA}.Release|Any CPU.ActiveCfg = Release|Any CPU
		{DC9E146B-43E5-41C5-867D-3F9300F849BA}.Release|Any CPU.Build.0 = Release|Any CPU
		{7E537C17-4E36-4BE5-8B48-6E57AEB98217}.Debug|Any CPU.ActiveCfg = Debug|Any CPU
		{7E537C17-4E36-4BE5-8B48-6E57AEB98217}.Debug|Any CPU.Build.0 = Debug|Any CPU
		{7E537C17-4E36-4BE5-8B48-6E57AEB98217}.Release|Any CPU.ActiveCfg = Release|Any CPU
		{7E537C17-4E36-4BE5-8B48-6E57AEB98217}.Release|Any CPU.Build.0 = Release|Any CPU
		{626AE61B-A92F-4285-810A-7303A833FD24}.Debug|Any CPU.ActiveCfg = Debug|Any CPU
		{626AE61B-A92F-4285-810A-7303A833FD24}.Debug|Any CPU.Build.0 = Debug|Any CPU
		{626AE61B-A92F-4285-810A-7303A833FD24}.Release|Any CPU.ActiveCfg = Release|Any CPU
		{626AE61B-A92F-4285-810A-7303A833FD24}.Release|Any CPU.Build.0 = Release|Any CPU
		{A18994D3-2331-4D64-91E6-B3826E1BEC8B}.Debug|Any CPU.ActiveCfg = Debug|Any CPU
		{A18994D3-2331-4D64-91E6-B3826E1BEC8B}.Debug|Any CPU.Build.0 = Debug|Any CPU
		{A18994D3-2331-4D64-91E6-B3826E1BEC8B}.Release|Any CPU.ActiveCfg = Release|Any CPU
		{A18994D3-2331-4D64-91E6-B3826E1BEC8B}.Release|Any CPU.Build.0 = Release|Any CPU
		{43668449-C18B-4C67-80AF-F47DBAD4326E}.Debug|Any CPU.ActiveCfg = Debug|Any CPU
		{43668449-C18B-4C67-80AF-F47DBAD4326E}.Debug|Any CPU.Build.0 = Debug|Any CPU
		{43668449-C18B-4C67-80AF-F47DBAD4326E}.Release|Any CPU.ActiveCfg = Release|Any CPU
		{43668449-C18B-4C67-80AF-F47DBAD4326E}.Release|Any CPU.Build.0 = Release|Any CPU
	EndGlobalSection
	GlobalSection(SolutionProperties) = preSolution
		HideSolutionNode = FALSE
	EndGlobalSection
	GlobalSection(ExtensibilityGlobals) = postSolution
		SolutionGuid = {C3300B90-2254-451E-8F81-25257EA8A46A}
	EndGlobalSection
EndGlobal
